
Microsoft Visual Studio Solution File, Format Version 12.00
# Visual Studio Version 17
VisualStudioVersion = 17.2.32616.157
MinimumVisualStudioVersion = 10.0.40219.1
Project("{FAE04EC0-301F-11D3-BF4B-00C04F79EFBC}") = "ThirdWeekTasks", "ThirdWeekTasks\ThirdWeekTasks.csproj", "{5B3D1118-56C7-4412-A25A-2994BBB2E218}"
EndProject
Global
	GlobalSection(SolutionConfigurationPlatforms) = preSolution
		Debug|Any CPU = Debug|Any CPU
		Release|Any CPU = Release|Any CPU
	EndGlobalSection
	GlobalSection(ProjectConfigurationPlatforms) = postSolution
		{5B3D1118-56C7-4412-A25A-2994BBB2E218}.Debug|Any CPU.ActiveCfg = Debug|Any CPU
		{5B3D1118-56C7-4412-A25A-2994BBB2E218}.Debug|Any CPU.Build.0 = Debug|Any CPU
		{5B3D1118-56C7-4412-A25A-2994BBB2E218}.Release|Any CPU.ActiveCfg = Release|Any CPU
		{5B3D1118-56C7-4412-A25A-2994BBB2E218}.Release|Any CPU.Build.0 = Release|Any CPU
	EndGlobalSection
	GlobalSection(SolutionProperties) = preSolution
		HideSolutionNode = FALSE
	EndGlobalSection
	GlobalSection(ExtensibilityGlobals) = postSolution
		SolutionGuid = {E20C1F26-4904-427B-8CEF-17B6042CD938}
	EndGlobalSection
EndGlobal
